dependencies:
- name: public_dashboards
  repository: ""
  version: 1.0.0
- name: private_dashboards_al
  repository: ""
  version: 1.0.0
- name: private_dashboards_mz
  repository: ""
  version: 1.0.0
digest: sha256:70e15e8c0291ae2b93b05321e0c909ee9987dcb5c2149aa1d61093555a12c331
generated: "2023-10-09T17:22:22.796321595+02:00"
